
Microsoft Visual Studio Solution File, Format Version 12.00
# Visual Studio Version 17
VisualStudioVersion = 17.5.33516.290
MinimumVisualStudioVersion = 10.0.40219.1
Project("{FAE04EC0-301F-11D3-BF4B-00C04F79EFBC}") = "BuiltInInterface", "BuiltInInterface\BuiltInInterface.csproj", "{C186CF6D-271E-4B54-907A-FF890181819D}"
EndProject
Global
	GlobalSection(SolutionConfigurationPlatforms) = preSolution
		Debug|Any CPU = Debug|Any CPU
		Release|Any CPU = Release|Any CPU
	EndGlobalSection
	GlobalSection(ProjectConfigurationPlatforms) = postSolution
		{C186CF6D-271E-4B54-907A-FF890181819D}.Debug|Any CPU.ActiveCfg = Debug|Any CPU
		{C186CF6D-271E-4B54-907A-FF890181819D}.Debug|Any CPU.Build.0 = Debug|Any CPU
		{C186CF6D-271E-4B54-907A-FF890181819D}.Release|Any CPU.ActiveCfg = Release|Any CPU
		{C186CF6D-271E-4B54-907A-FF890181819D}.Release|Any CPU.Build.0 = Release|Any CPU
	EndGlobalSection
	GlobalSection(SolutionProperties) = preSolution
		HideSolutionNode = FALSE
	EndGlobalSection
	GlobalSection(ExtensibilityGlobals) = postSolution
		SolutionGuid = {97A631B2-07AA-426D-BAA1-B916637FDAC4}
	EndGlobalSection
EndGlobal
