
Microsoft Visual Studio Solution File, Format Version 12.00
# Visual Studio Version 17
VisualStudioVersion = 17.5.33414.496
MinimumVisualStudioVersion = 10.0.40219.1
Project("{FAE04EC0-301F-11D3-BF4B-00C04F79EFBC}") = "intoduceConsept", "intoduceConsept.csproj", "{7D7B55EF-6B77-4D3E-817D-DC3E756821EC}"
EndProject
Global
	GlobalSection(SolutionConfigurationPlatforms) = preSolution
		Debug|Any CPU = Debug|Any CPU
		Release|Any CPU = Release|Any CPU
	EndGlobalSection
	GlobalSection(ProjectConfigurationPlatforms) = postSolution
		{7D7B55EF-6B77-4D3E-817D-DC3E756821EC}.Debug|Any CPU.ActiveCfg = Debug|Any CPU
		{7D7B55EF-6B77-4D3E-817D-DC3E756821EC}.Debug|Any CPU.Build.0 = Debug|Any CPU
		{7D7B55EF-6B77-4D3E-817D-DC3E756821EC}.Release|Any CPU.ActiveCfg = Release|Any CPU
		{7D7B55EF-6B77-4D3E-817D-DC3E756821EC}.Release|Any CPU.Build.0 = Release|Any CPU
	EndGlobalSection
	GlobalSection(SolutionProperties) = preSolution
		HideSolutionNode = FALSE
	EndGlobalSection
	GlobalSection(ExtensibilityGlobals) = postSolution
		SolutionGuid = {586DC958-4A12-42DD-9AD6-4789673C690C}
	EndGlobalSection
EndGlobal
