
Microsoft Visual Studio Solution File, Format Version 12.00
# Visual Studio Version 17
VisualStudioVersion = 17.5.33414.496
MinimumVisualStudioVersion = 10.0.40219.1
Project("{FAE04EC0-301F-11D3-BF4B-00C04F79EFBC}") = "ForLoop", "ForLoop.csproj", "{52AC3888-7119-49DC-AD19-91BDC4AFE642}"
EndProject
Global
	GlobalSection(SolutionConfigurationPlatforms) = preSolution
		Debug|Any CPU = Debug|Any CPU
		Release|Any CPU = Release|Any CPU
	EndGlobalSection
	GlobalSection(ProjectConfigurationPlatforms) = postSolution
		{52AC3888-7119-49DC-AD19-91BDC4AFE642}.Debug|Any CPU.ActiveCfg = Debug|Any CPU
		{52AC3888-7119-49DC-AD19-91BDC4AFE642}.Debug|Any CPU.Build.0 = Debug|Any CPU
		{52AC3888-7119-49DC-AD19-91BDC4AFE642}.Release|Any CPU.ActiveCfg = Release|Any CPU
		{52AC3888-7119-49DC-AD19-91BDC4AFE642}.Release|Any CPU.Build.0 = Release|Any CPU
	EndGlobalSection
	GlobalSection(SolutionProperties) = preSolution
		HideSolutionNode = FALSE
	EndGlobalSection
	GlobalSection(ExtensibilityGlobals) = postSolution
		SolutionGuid = {24B560A8-89CA-4615-98E8-85893486FA6D}
	EndGlobalSection
EndGlobal
