
Microsoft Visual Studio Solution File, Format Version 12.00
# Visual Studio Version 17
VisualStudioVersion = 17.5.33414.496
MinimumVisualStudioVersion = 10.0.40219.1
Project("{FAE04EC0-301F-11D3-BF4B-00C04F79EFBC}") = "OOP-Kavramlar", "OOP-Kavramlar\OOP-Kavramlar.csproj", "{C7A54BCE-4A0A-4AC8-BC1C-46DE67A278BD}"
EndProject
Global
	GlobalSection(SolutionConfigurationPlatforms) = preSolution
		Debug|Any CPU = Debug|Any CPU
		Release|Any CPU = Release|Any CPU
	EndGlobalSection
	GlobalSection(ProjectConfigurationPlatforms) = postSolution
		{C7A54BCE-4A0A-4AC8-BC1C-46DE67A278BD}.Debug|Any CPU.ActiveCfg = Debug|Any CPU
		{C7A54BCE-4A0A-4AC8-BC1C-46DE67A278BD}.Debug|Any CPU.Build.0 = Debug|Any CPU
		{C7A54BCE-4A0A-4AC8-BC1C-46DE67A278BD}.Release|Any CPU.ActiveCfg = Release|Any CPU
		{C7A54BCE-4A0A-4AC8-BC1C-46DE67A278BD}.Release|Any CPU.Build.0 = Release|Any CPU
	EndGlobalSection
	GlobalSection(SolutionProperties) = preSolution
		HideSolutionNode = FALSE
	EndGlobalSection
	GlobalSection(ExtensibilityGlobals) = postSolution
		SolutionGuid = {78C977F9-9D68-4A43-9406-5CDB6D168F01}
	EndGlobalSection
EndGlobal
