
Microsoft Visual Studio Solution File, Format Version 12.00
# Visual Studio Version 17
VisualStudioVersion = 17.5.33414.496
MinimumVisualStudioVersion = 10.0.40219.1
Project("{FAE04EC0-301F-11D3-BF4B-00C04F79EFBC}") = "ForEachLoop", "ForEachLoop.csproj", "{773980F0-9E7C-4BC9-A104-C15DC2E06CB4}"
EndProject
Global
	GlobalSection(SolutionConfigurationPlatforms) = preSolution
		Debug|Any CPU = Debug|Any CPU
		Release|Any CPU = Release|Any CPU
	EndGlobalSection
	GlobalSection(ProjectConfigurationPlatforms) = postSolution
		{773980F0-9E7C-4BC9-A104-C15DC2E06CB4}.Debug|Any CPU.ActiveCfg = Debug|Any CPU
		{773980F0-9E7C-4BC9-A104-C15DC2E06CB4}.Debug|Any CPU.Build.0 = Debug|Any CPU
		{773980F0-9E7C-4BC9-A104-C15DC2E06CB4}.Release|Any CPU.ActiveCfg = Release|Any CPU
		{773980F0-9E7C-4BC9-A104-C15DC2E06CB4}.Release|Any CPU.Build.0 = Release|Any CPU
	EndGlobalSection
	GlobalSection(SolutionProperties) = preSolution
		HideSolutionNode = FALSE
	EndGlobalSection
	GlobalSection(ExtensibilityGlobals) = postSolution
		SolutionGuid = {8DB35FB2-97F2-4C4D-9504-F050EF24491B}
	EndGlobalSection
EndGlobal
