
Microsoft Visual Studio Solution File, Format Version 12.00
# Visual Studio Version 17
VisualStudioVersion = 17.5.33414.496
MinimumVisualStudioVersion = 10.0.40219.1
Project("{FAE04EC0-301F-11D3-BF4B-00C04F79EFBC}") = "NullOperations", "NullOperations\NullOperations.csproj", "{3607D0B7-0A89-4ED9-8232-29387C104F29}"
EndProject
Project("{FAE04EC0-301F-11D3-BF4B-00C04F79EFBC}") = "GenericTypes", "GenericTypes\GenericTypes.csproj", "{B485ED65-9CC7-49F6-925D-CA751CB85263}"
EndProject
Global
	GlobalSection(SolutionConfigurationPlatforms) = preSolution
		Debug|Any CPU = Debug|Any CPU
		Release|Any CPU = Release|Any CPU
	EndGlobalSection
	GlobalSection(ProjectConfigurationPlatforms) = postSolution
		{3607D0B7-0A89-4ED9-8232-29387C104F29}.Debug|Any CPU.ActiveCfg = Debug|Any CPU
		{3607D0B7-0A89-4ED9-8232-29387C104F29}.Debug|Any CPU.Build.0 = Debug|Any CPU
		{3607D0B7-0A89-4ED9-8232-29387C104F29}.Release|Any CPU.ActiveCfg = Release|Any CPU
		{3607D0B7-0A89-4ED9-8232-29387C104F29}.Release|Any CPU.Build.0 = Release|Any CPU
		{B485ED65-9CC7-49F6-925D-CA751CB85263}.Debug|Any CPU.ActiveCfg = Debug|Any CPU
		{B485ED65-9CC7-49F6-925D-CA751CB85263}.Debug|Any CPU.Build.0 = Debug|Any CPU
		{B485ED65-9CC7-49F6-925D-CA751CB85263}.Release|Any CPU.ActiveCfg = Release|Any CPU
		{B485ED65-9CC7-49F6-925D-CA751CB85263}.Release|Any CPU.Build.0 = Release|Any CPU
	EndGlobalSection
	GlobalSection(SolutionProperties) = preSolution
		HideSolutionNode = FALSE
	EndGlobalSection
	GlobalSection(ExtensibilityGlobals) = postSolution
		SolutionGuid = {1A2D192C-F392-4864-9EDE-852B79CD74B6}
	EndGlobalSection
EndGlobal
