
Microsoft Visual Studio Solution File, Format Version 12.00
# Visual Studio Version 17
VisualStudioVersion = 17.5.33414.496
MinimumVisualStudioVersion = 10.0.40219.1
Project("{FAE04EC0-301F-11D3-BF4B-00C04F79EFBC}") = "Arrays", "Arrays.csproj", "{52E2E824-DD4F-4CBB-B16B-B0694E9595F7}"
EndProject
Global
	GlobalSection(SolutionConfigurationPlatforms) = preSolution
		Debug|Any CPU = Debug|Any CPU
		Release|Any CPU = Release|Any CPU
	EndGlobalSection
	GlobalSection(ProjectConfigurationPlatforms) = postSolution
		{52E2E824-DD4F-4CBB-B16B-B0694E9595F7}.Debug|Any CPU.ActiveCfg = Debug|Any CPU
		{52E2E824-DD4F-4CBB-B16B-B0694E9595F7}.Debug|Any CPU.Build.0 = Debug|Any CPU
		{52E2E824-DD4F-4CBB-B16B-B0694E9595F7}.Release|Any CPU.ActiveCfg = Release|Any CPU
		{52E2E824-DD4F-4CBB-B16B-B0694E9595F7}.Release|Any CPU.Build.0 = Release|Any CPU
	EndGlobalSection
	GlobalSection(SolutionProperties) = preSolution
		HideSolutionNode = FALSE
	EndGlobalSection
	GlobalSection(ExtensibilityGlobals) = postSolution
		SolutionGuid = {E908170F-B42E-43BF-A35C-FC685E09B8CC}
	EndGlobalSection
EndGlobal
