
Microsoft Visual Studio Solution File, Format Version 12.00
# Visual Studio Version 17
VisualStudioVersion = 17.5.33414.496
MinimumVisualStudioVersion = 10.0.40219.1
Project("{FAE04EC0-301F-11D3-BF4B-00C04F79EFBC}") = "ClassVsObject", "ClassVsObject\ClassVsObject.csproj", "{5C6690CC-9BD6-44F8-89AF-3D233D04736B}"
EndProject
Project("{FAE04EC0-301F-11D3-BF4B-00C04F79EFBC}") = "Encapsulation", "Encapsulation\Encapsulation.csproj", "{D579F827-7087-48A0-80EA-B0D3F40DDA95}"
EndProject
Project("{FAE04EC0-301F-11D3-BF4B-00C04F79EFBC}") = "Constructors", "Constructors\Constructors.csproj", "{2F4925CB-4A4C-41BC-9C62-45361C8928A5}"
EndProject
Global
	GlobalSection(SolutionConfigurationPlatforms) = preSolution
		Debug|Any CPU = Debug|Any CPU
		Release|Any CPU = Release|Any CPU
	EndGlobalSection
	GlobalSection(ProjectConfigurationPlatforms) = postSolution
		{5C6690CC-9BD6-44F8-89AF-3D233D04736B}.Debug|Any CPU.ActiveCfg = Debug|Any CPU
		{5C6690CC-9BD6-44F8-89AF-3D233D04736B}.Debug|Any CPU.Build.0 = Debug|Any CPU
		{5C6690CC-9BD6-44F8-89AF-3D233D04736B}.Release|Any CPU.ActiveCfg = Release|Any CPU
		{5C6690CC-9BD6-44F8-89AF-3D233D04736B}.Release|Any CPU.Build.0 = Release|Any CPU
		{D579F827-7087-48A0-80EA-B0D3F40DDA95}.Debug|Any CPU.ActiveCfg = Debug|Any CPU
		{D579F827-7087-48A0-80EA-B0D3F40DDA95}.Debug|Any CPU.Build.0 = Debug|Any CPU
		{D579F827-7087-48A0-80EA-B0D3F40DDA95}.Release|Any CPU.ActiveCfg = Release|Any CPU
		{D579F827-7087-48A0-80EA-B0D3F40DDA95}.Release|Any CPU.Build.0 = Release|Any CPU
		{2F4925CB-4A4C-41BC-9C62-45361C8928A5}.Debug|Any CPU.ActiveCfg = Debug|Any CPU
		{2F4925CB-4A4C-41BC-9C62-45361C8928A5}.Debug|Any CPU.Build.0 = Debug|Any CPU
		{2F4925CB-4A4C-41BC-9C62-45361C8928A5}.Release|Any CPU.ActiveCfg = Release|Any CPU
		{2F4925CB-4A4C-41BC-9C62-45361C8928A5}.Release|Any CPU.Build.0 = Release|Any CPU
	EndGlobalSection
	GlobalSection(SolutionProperties) = preSolution
		HideSolutionNode = FALSE
	EndGlobalSection
	GlobalSection(ExtensibilityGlobals) = postSolution
		SolutionGuid = {0BB74AB3-57F8-44A1-ADCB-EBAF5D099E46}
	EndGlobalSection
EndGlobal
